
Microsoft Visual Studio Solution File, Format Version 12.00
# Visual Studio Version 17
VisualStudioVersion = 17.2.32630.192
MinimumVisualStudioVersion = 10.0.40219.1
Project("{FAE04EC0-301F-11D3-BF4B-00C04F79EFBC}") = "NoteJumpSparks", "NoteJumpSparks\NoteJumpSparks.csproj", "{47A222D8-623A-4A55-8D96-2F855803B07D}"
EndProject
Global
	GlobalSection(SolutionConfigurationPlatforms) = preSolution
		Debug|Any CPU = Debug|Any CPU
		Release|Any CPU = Release|Any CPU
	EndGlobalSection
	GlobalSection(ProjectConfigurationPlatforms) = postSolution
		{47A222D8-623A-4A55-8D96-2F855803B07D}.Debug|Any CPU.ActiveCfg = Debug|Any CPU
		{47A222D8-623A-4A55-8D96-2F855803B07D}.Debug|Any CPU.Build.0 = Debug|Any CPU
		{47A222D8-623A-4A55-8D96-2F855803B07D}.Release|Any CPU.ActiveCfg = Release|Any CPU
		{47A222D8-623A-4A55-8D96-2F855803B07D}.Release|Any CPU.Build.0 = Release|Any CPU
	EndGlobalSection
	GlobalSection(SolutionProperties) = preSolution
		HideSolutionNode = FALSE
	EndGlobalSection
	GlobalSection(ExtensibilityGlobals) = postSolution
		SolutionGuid = {A1F9A9E9-2208-41E0-B800-34E31F0F020B}
	EndGlobalSection
EndGlobal
